
Microsoft Visual Studio Solution File, Format Version 12.00
# Visual Studio 2012
Project("{FAE04EC0-301F-11D3-BF4B-00C04F79EFBC}") = "libnginz", "libnginz\libnginz.csproj", "{C985815A-AAB7-45D2-9427-039101F10B76}"
EndProject
Global
	GlobalSection(SolutionConfigurationPlatforms) = preSolution
		Debug|Any CPU = Debug|Any CPU
		Release|Any CPU = Release|Any CPU
	EndGlobalSection
	GlobalSection(ProjectConfigurationPlatforms) = postSolution
		{C985815A-AAB7-45D2-9427-039101F10B76}.Debug|Any CPU.ActiveCfg = Debug|Any CPU
		{C985815A-AAB7-45D2-9427-039101F10B76}.Debug|Any CPU.Build.0 = Debug|Any CPU
		{C985815A-AAB7-45D2-9427-039101F10B76}.Release|Any CPU.ActiveCfg = Release|Any CPU
		{C985815A-AAB7-45D2-9427-039101F10B76}.Release|Any CPU.Build.0 = Release|Any CPU
	EndGlobalSection
	GlobalSection(MonoDevelopProperties) = preSolution
		Policies = $0
		$0.VersionControlPolicy = $1
		$1.inheritsSet = Mono
		$0.ChangeLogPolicy = $2
		$2.inheritsSet = Mono
		$0.TextStylePolicy = $3
		$3.EolMarker = Unix
		$3.inheritsSet = VisualStudio
		$3.inheritsScope = text/plain
		$3.scope = text/x-csharp
		$0.CSharpFormattingPolicy = $4
		$4.inheritsSet = Mono
		$4.inheritsScope = text/x-csharp
		$4.scope = text/x-csharp
	EndGlobalSection
EndGlobal
