
Microsoft Visual Studio Solution File, Format Version 12.00
# Visual Studio 2012
VisualStudioVersion = 14.0.23107.0
MinimumVisualStudioVersion = 10.0.40219.1
Project("{FAE04EC0-301F-11D3-BF4B-00C04F79EFBC}") = "libnginz", "libnginz\libnginz.csproj", "{C985815A-AAB7-45D2-9427-039101F10B76}"
EndProject
Project("{FAE04EC0-301F-11D3-BF4B-00C04F79EFBC}") = "testgame", "testgame\testgame.csproj", "{751E3C37-4CD3-461C-BC9C-D33C16527413}"
EndProject
Project("{FAE04EC0-301F-11D3-BF4B-00C04F79EFBC}") = "libnginz.Interop.Iodine", "libnginz.Interop.Iodine\libnginz.Interop.Iodine.csproj", "{159CFC82-5E29-4763-94C1-4E7D44629F80}"
EndProject
Project("{FAE04EC0-301F-11D3-BF4B-00C04F79EFBC}") = "libIodine", "..\iodine-build\iodine-source\src\Iodine\libIodine.csproj", "{7A5BFF77-C783-4D40-AF7F-4C673C20E48B}"
EndProject
Project("{FAE04EC0-301F-11D3-BF4B-00C04F79EFBC}") = "libnginz.Common", "libnginz.Common\libnginz.Common.csproj", "{C6313A63-A0A2-46CC-8B0C-9D60C226F707}"
EndProject
Project("{FAE04EC0-301F-11D3-BF4B-00C04F79EFBC}") = "libnginz.Interop.Iodine.nginzcore", "libnginz.Interop.Iodine.nginzcore\libnginz.Interop.Iodine.nginzcore.csproj", "{8B7A8420-F913-402F-BDD4-CFB2B57FE9B2}"
EndProject
Project("{FAE04EC0-301F-11D3-BF4B-00C04F79EFBC}") = "othertestgame", "othertestgame\othertestgame.csproj", "{5F376241-3892-46C0-8BBC-2A4D8E106C28}"
EndProject
Project("{FAE04EC0-301F-11D3-BF4B-00C04F79EFBC}") = "testgame2D", "testgame2D\testgame2D.csproj", "{74FDA228-9E72-4144-92BB-72BD452BAEDD}"
EndProject
Project("{FAE04EC0-301F-11D3-BF4B-00C04F79EFBC}") = "libnginz.Interop.Lua", "libnginz.Interop.Lua\libnginz.Interop.Lua.csproj", "{6C0CED4A-73BB-4BF7-933C-5A21B2632D0B}"
EndProject
Project("{FAE04EC0-301F-11D3-BF4B-00C04F79EFBC}") = "luatestgame", "luatestgame\luatestgame.csproj", "{DA7F639B-5D84-4F4C-84BB-674CD6DD87FC}"
EndProject
Project("{FAE04EC0-301F-11D3-BF4B-00C04F79EFBC}") = "libnginz.Interop.IronPython", "libnginz.Interop.IronPython\libnginz.Interop.IronPython.csproj", "{13523E0E-ADEC-4E45-9EB2-80A402934F2A}"
EndProject
Project("{FAE04EC0-301F-11D3-BF4B-00C04F79EFBC}") = "pythontestgame", "pythontestgame\pythontestgame.csproj", "{E2E8B124-2B79-4051-9CEE-CA45B569B3E4}"
EndProject
Project("{FAE04EC0-301F-11D3-BF4B-00C04F79EFBC}") = "purepythontestgame", "purepythontestgame\purepythontestgame.csproj", "{1BE1DA8E-A045-4B07-B422-19C24C8B26EA}"
EndProject
Global
	GlobalSection(SolutionConfigurationPlatforms) = preSolution
		Debug|Any CPU = Debug|Any CPU
		Debug|x86 = Debug|x86
		Release|Any CPU = Release|Any CPU
		Release|x86 = Release|x86
	EndGlobalSection
	GlobalSection(ProjectConfigurationPlatforms) = postSolution
		{13523E0E-ADEC-4E45-9EB2-80A402934F2A}.Debug|Any CPU.ActiveCfg = Debug|Any CPU
		{13523E0E-ADEC-4E45-9EB2-80A402934F2A}.Debug|Any CPU.Build.0 = Debug|Any CPU
		{13523E0E-ADEC-4E45-9EB2-80A402934F2A}.Debug|x86.ActiveCfg = Debug|Any CPU
		{13523E0E-ADEC-4E45-9EB2-80A402934F2A}.Debug|x86.Build.0 = Debug|Any CPU
		{13523E0E-ADEC-4E45-9EB2-80A402934F2A}.Release|Any CPU.ActiveCfg = Release|Any CPU
		{13523E0E-ADEC-4E45-9EB2-80A402934F2A}.Release|Any CPU.Build.0 = Release|Any CPU
		{13523E0E-ADEC-4E45-9EB2-80A402934F2A}.Release|x86.ActiveCfg = Release|Any CPU
		{13523E0E-ADEC-4E45-9EB2-80A402934F2A}.Release|x86.Build.0 = Release|Any CPU
		{159CFC82-5E29-4763-94C1-4E7D44629F80}.Debug|Any CPU.ActiveCfg = Debug|Any CPU
		{159CFC82-5E29-4763-94C1-4E7D44629F80}.Debug|Any CPU.Build.0 = Debug|Any CPU
		{159CFC82-5E29-4763-94C1-4E7D44629F80}.Debug|x86.ActiveCfg = Debug|Any CPU
		{159CFC82-5E29-4763-94C1-4E7D44629F80}.Debug|x86.Build.0 = Debug|Any CPU
		{159CFC82-5E29-4763-94C1-4E7D44629F80}.Release|Any CPU.ActiveCfg = Release|Any CPU
		{159CFC82-5E29-4763-94C1-4E7D44629F80}.Release|Any CPU.Build.0 = Release|Any CPU
		{159CFC82-5E29-4763-94C1-4E7D44629F80}.Release|x86.ActiveCfg = Release|Any CPU
		{159CFC82-5E29-4763-94C1-4E7D44629F80}.Release|x86.Build.0 = Release|Any CPU
		{1BE1DA8E-A045-4B07-B422-19C24C8B26EA}.Debug|Any CPU.ActiveCfg = Debug|Any CPU
		{1BE1DA8E-A045-4B07-B422-19C24C8B26EA}.Debug|Any CPU.Build.0 = Debug|Any CPU
		{1BE1DA8E-A045-4B07-B422-19C24C8B26EA}.Debug|x86.ActiveCfg = Debug|Any CPU
		{1BE1DA8E-A045-4B07-B422-19C24C8B26EA}.Debug|x86.Build.0 = Debug|Any CPU
		{1BE1DA8E-A045-4B07-B422-19C24C8B26EA}.Release|Any CPU.ActiveCfg = Release|Any CPU
		{1BE1DA8E-A045-4B07-B422-19C24C8B26EA}.Release|Any CPU.Build.0 = Release|Any CPU
		{1BE1DA8E-A045-4B07-B422-19C24C8B26EA}.Release|x86.ActiveCfg = Release|Any CPU
		{1BE1DA8E-A045-4B07-B422-19C24C8B26EA}.Release|x86.Build.0 = Release|Any CPU
		{5F376241-3892-46C0-8BBC-2A4D8E106C28}.Debug|Any CPU.ActiveCfg = Debug|Any CPU
		{5F376241-3892-46C0-8BBC-2A4D8E106C28}.Debug|Any CPU.Build.0 = Debug|Any CPU
		{5F376241-3892-46C0-8BBC-2A4D8E106C28}.Debug|x86.ActiveCfg = Debug|Any CPU
		{5F376241-3892-46C0-8BBC-2A4D8E106C28}.Debug|x86.Build.0 = Debug|Any CPU
		{5F376241-3892-46C0-8BBC-2A4D8E106C28}.Release|Any CPU.ActiveCfg = Release|Any CPU
		{5F376241-3892-46C0-8BBC-2A4D8E106C28}.Release|Any CPU.Build.0 = Release|Any CPU
		{5F376241-3892-46C0-8BBC-2A4D8E106C28}.Release|x86.ActiveCfg = Release|Any CPU
		{5F376241-3892-46C0-8BBC-2A4D8E106C28}.Release|x86.Build.0 = Release|Any CPU
		{6C0CED4A-73BB-4BF7-933C-5A21B2632D0B}.Debug|Any CPU.ActiveCfg = Debug|Any CPU
		{6C0CED4A-73BB-4BF7-933C-5A21B2632D0B}.Debug|Any CPU.Build.0 = Debug|Any CPU
		{6C0CED4A-73BB-4BF7-933C-5A21B2632D0B}.Debug|x86.ActiveCfg = Debug|Any CPU
		{6C0CED4A-73BB-4BF7-933C-5A21B2632D0B}.Debug|x86.Build.0 = Debug|Any CPU
		{6C0CED4A-73BB-4BF7-933C-5A21B2632D0B}.Release|Any CPU.ActiveCfg = Release|Any CPU
		{6C0CED4A-73BB-4BF7-933C-5A21B2632D0B}.Release|Any CPU.Build.0 = Release|Any CPU
		{6C0CED4A-73BB-4BF7-933C-5A21B2632D0B}.Release|x86.ActiveCfg = Release|Any CPU
		{6C0CED4A-73BB-4BF7-933C-5A21B2632D0B}.Release|x86.Build.0 = Release|Any CPU
		{74FDA228-9E72-4144-92BB-72BD452BAEDD}.Debug|Any CPU.ActiveCfg = Debug|Any CPU
		{74FDA228-9E72-4144-92BB-72BD452BAEDD}.Debug|Any CPU.Build.0 = Debug|Any CPU
		{74FDA228-9E72-4144-92BB-72BD452BAEDD}.Debug|x86.ActiveCfg = Debug|Any CPU
		{74FDA228-9E72-4144-92BB-72BD452BAEDD}.Debug|x86.Build.0 = Debug|Any CPU
		{74FDA228-9E72-4144-92BB-72BD452BAEDD}.Release|Any CPU.ActiveCfg = Release|Any CPU
		{74FDA228-9E72-4144-92BB-72BD452BAEDD}.Release|Any CPU.Build.0 = Release|Any CPU
		{74FDA228-9E72-4144-92BB-72BD452BAEDD}.Release|x86.ActiveCfg = Release|Any CPU
		{74FDA228-9E72-4144-92BB-72BD452BAEDD}.Release|x86.Build.0 = Release|Any CPU
		{751E3C37-4CD3-461C-BC9C-D33C16527413}.Debug|Any CPU.ActiveCfg = Debug|Any CPU
		{751E3C37-4CD3-461C-BC9C-D33C16527413}.Debug|Any CPU.Build.0 = Debug|Any CPU
		{751E3C37-4CD3-461C-BC9C-D33C16527413}.Debug|x86.ActiveCfg = Debug|Any CPU
		{751E3C37-4CD3-461C-BC9C-D33C16527413}.Debug|x86.Build.0 = Debug|Any CPU
		{751E3C37-4CD3-461C-BC9C-D33C16527413}.Release|Any CPU.ActiveCfg = Release|Any CPU
		{751E3C37-4CD3-461C-BC9C-D33C16527413}.Release|Any CPU.Build.0 = Release|Any CPU
		{751E3C37-4CD3-461C-BC9C-D33C16527413}.Release|x86.ActiveCfg = Release|Any CPU
		{751E3C37-4CD3-461C-BC9C-D33C16527413}.Release|x86.Build.0 = Release|Any CPU
		{7A5BFF77-C783-4D40-AF7F-4C673C20E48B}.Debug|Any CPU.ActiveCfg = Debug|x86
		{7A5BFF77-C783-4D40-AF7F-4C673C20E48B}.Debug|Any CPU.Build.0 = Debug|x86
		{7A5BFF77-C783-4D40-AF7F-4C673C20E48B}.Debug|x86.ActiveCfg = Debug|x86
		{7A5BFF77-C783-4D40-AF7F-4C673C20E48B}.Debug|x86.Build.0 = Debug|x86
		{7A5BFF77-C783-4D40-AF7F-4C673C20E48B}.Release|Any CPU.ActiveCfg = Release|x86
		{7A5BFF77-C783-4D40-AF7F-4C673C20E48B}.Release|Any CPU.Build.0 = Release|x86
		{7A5BFF77-C783-4D40-AF7F-4C673C20E48B}.Release|x86.ActiveCfg = Release|x86
		{7A5BFF77-C783-4D40-AF7F-4C673C20E48B}.Release|x86.Build.0 = Release|x86
		{8B7A8420-F913-402F-BDD4-CFB2B57FE9B2}.Debug|Any CPU.ActiveCfg = Debug|Any CPU
		{8B7A8420-F913-402F-BDD4-CFB2B57FE9B2}.Debug|Any CPU.Build.0 = Debug|Any CPU
		{8B7A8420-F913-402F-BDD4-CFB2B57FE9B2}.Debug|x86.ActiveCfg = Debug|Any CPU
		{8B7A8420-F913-402F-BDD4-CFB2B57FE9B2}.Debug|x86.Build.0 = Debug|Any CPU
		{8B7A8420-F913-402F-BDD4-CFB2B57FE9B2}.Release|Any CPU.ActiveCfg = Release|Any CPU
		{8B7A8420-F913-402F-BDD4-CFB2B57FE9B2}.Release|Any CPU.Build.0 = Release|Any CPU
		{8B7A8420-F913-402F-BDD4-CFB2B57FE9B2}.Release|x86.ActiveCfg = Release|Any CPU
		{8B7A8420-F913-402F-BDD4-CFB2B57FE9B2}.Release|x86.Build.0 = Release|Any CPU
		{C6313A63-A0A2-46CC-8B0C-9D60C226F707}.Debug|Any CPU.ActiveCfg = Debug|Any CPU
		{C6313A63-A0A2-46CC-8B0C-9D60C226F707}.Debug|Any CPU.Build.0 = Debug|Any CPU
		{C6313A63-A0A2-46CC-8B0C-9D60C226F707}.Debug|x86.ActiveCfg = Debug|Any CPU
		{C6313A63-A0A2-46CC-8B0C-9D60C226F707}.Debug|x86.Build.0 = Debug|Any CPU
		{C6313A63-A0A2-46CC-8B0C-9D60C226F707}.Release|Any CPU.ActiveCfg = Release|Any CPU
		{C6313A63-A0A2-46CC-8B0C-9D60C226F707}.Release|Any CPU.Build.0 = Release|Any CPU
		{C6313A63-A0A2-46CC-8B0C-9D60C226F707}.Release|x86.ActiveCfg = Release|Any CPU
		{C6313A63-A0A2-46CC-8B0C-9D60C226F707}.Release|x86.Build.0 = Release|Any CPU
		{C985815A-AAB7-45D2-9427-039101F10B76}.Debug|Any CPU.ActiveCfg = Debug|Any CPU
		{C985815A-AAB7-45D2-9427-039101F10B76}.Debug|Any CPU.Build.0 = Debug|Any CPU
		{C985815A-AAB7-45D2-9427-039101F10B76}.Debug|x86.ActiveCfg = Debug|Any CPU
		{C985815A-AAB7-45D2-9427-039101F10B76}.Debug|x86.Build.0 = Debug|Any CPU
		{C985815A-AAB7-45D2-9427-039101F10B76}.Release|Any CPU.ActiveCfg = Release|Any CPU
		{C985815A-AAB7-45D2-9427-039101F10B76}.Release|Any CPU.Build.0 = Release|Any CPU
		{C985815A-AAB7-45D2-9427-039101F10B76}.Release|x86.ActiveCfg = Release|Any CPU
		{C985815A-AAB7-45D2-9427-039101F10B76}.Release|x86.Build.0 = Release|Any CPU
		{DA7F639B-5D84-4F4C-84BB-674CD6DD87FC}.Debug|Any CPU.ActiveCfg = Debug|Any CPU
		{DA7F639B-5D84-4F4C-84BB-674CD6DD87FC}.Debug|Any CPU.Build.0 = Debug|Any CPU
		{DA7F639B-5D84-4F4C-84BB-674CD6DD87FC}.Debug|x86.ActiveCfg = Debug|Any CPU
		{DA7F639B-5D84-4F4C-84BB-674CD6DD87FC}.Debug|x86.Build.0 = Debug|Any CPU
		{DA7F639B-5D84-4F4C-84BB-674CD6DD87FC}.Release|Any CPU.ActiveCfg = Release|Any CPU
		{DA7F639B-5D84-4F4C-84BB-674CD6DD87FC}.Release|Any CPU.Build.0 = Release|Any CPU
		{DA7F639B-5D84-4F4C-84BB-674CD6DD87FC}.Release|x86.ActiveCfg = Release|Any CPU
		{DA7F639B-5D84-4F4C-84BB-674CD6DD87FC}.Release|x86.Build.0 = Release|Any CPU
		{E2E8B124-2B79-4051-9CEE-CA45B569B3E4}.Debug|Any CPU.ActiveCfg = Debug|Any CPU
		{E2E8B124-2B79-4051-9CEE-CA45B569B3E4}.Debug|Any CPU.Build.0 = Debug|Any CPU
		{E2E8B124-2B79-4051-9CEE-CA45B569B3E4}.Debug|x86.ActiveCfg = Debug|Any CPU
		{E2E8B124-2B79-4051-9CEE-CA45B569B3E4}.Debug|x86.Build.0 = Debug|Any CPU
		{E2E8B124-2B79-4051-9CEE-CA45B569B3E4}.Release|Any CPU.ActiveCfg = Release|Any CPU
		{E2E8B124-2B79-4051-9CEE-CA45B569B3E4}.Release|Any CPU.Build.0 = Release|Any CPU
		{E2E8B124-2B79-4051-9CEE-CA45B569B3E4}.Release|x86.ActiveCfg = Release|Any CPU
		{E2E8B124-2B79-4051-9CEE-CA45B569B3E4}.Release|x86.Build.0 = Release|Any CPU
	EndGlobalSection
	GlobalSection(MonoDevelopProperties) = preSolution
		Policies = $0
		$0.VersionControlPolicy = $1
		$1.inheritsSet = Mono
		$0.ChangeLogPolicy = $2
		$2.UpdateMode = None
		$2.inheritsSet = Mono
		$0.TextStylePolicy = $3
		$3.TabsToSpaces = False
		$3.EolMarker = Unix
		$3.inheritsSet = VisualStudio
		$3.inheritsScope = text/plain
		$3.scope = text/x-csharp
		$0.CSharpFormattingPolicy = $4
		$4.EnumBraceStyle = EndOfLine
		$4.MethodBraceStyle = EndOfLine
		$4.ConstructorBraceStyle = EndOfLine
		$4.DestructorBraceStyle = EndOfLine
		$4.EmbeddedStatementPlacement = DoNotCare
		$4.SpacesAfterTypecast = True
		$4.inheritsSet = Mono
		$4.inheritsScope = text/x-csharp
		$4.scope = text/x-csharp
		$0.DotNetNamingPolicy = $5
		$5.DirectoryNamespaceAssociation = None
		$5.ResourceNamePolicy = FileFormatDefault
	EndGlobalSection
	GlobalSection(Performance) = preSolution
		HasPerformanceSessions = true
	EndGlobalSection
	GlobalSection(SolutionProperties) = preSolution
		HideSolutionNode = FALSE
	EndGlobalSection
EndGlobal
