
Microsoft Visual Studio Solution File, Format Version 12.00
# Visual Studio 2012
VisualStudioVersion = 14.0.23107.0
MinimumVisualStudioVersion = 10.0.40219.1
Project("{2150E333-8FDC-42A3-9474-1A3956D46DE8}") = "Interoperability", "Interoperability", "{75CB3C70-0C8B-47AC-B0F5-03B981EB221C}"
EndProject
Project("{FAE04EC0-301F-11D3-BF4B-00C04F79EFBC}") = "libnginz.Interop.Freetype", "Interoperability\libnginz.Interop.FreeType\libnginz.Interop.Freetype.csproj", "{DCF47DF3-DFBE-4B6A-BCD8-85515C14EFD9}"
EndProject
Project("{FAE04EC0-301F-11D3-BF4B-00C04F79EFBC}") = "libnginz.Interop.StbImage", "Interoperability\libnginz.Interop.StbImage\libnginz.Interop.StbImage.csproj", "{529EAA69-1806-4C6E-9D20-F5B79A0E515F}"
EndProject
Project("{2150E333-8FDC-42A3-9474-1A3956D46DE8}") = "Third Party Sources", "Third Party Sources", "{83BEDE17-FE19-42DD-A5F9-8A399D87F1D0}"
EndProject
Project("{FAE04EC0-301F-11D3-BF4B-00C04F79EFBC}") = "libIodine", "..\iodine-build\Iodine\src\Iodine\libIodine.csproj", "{7A5BFF77-C783-4D40-AF7F-4C673C20E48B}"
EndProject
Project("{2150E333-8FDC-42A3-9474-1A3956D46DE8}") = "Core", "Core", "{D07C9B61-8930-42E5-A91A-8920C15E545F}"
EndProject
Project("{FAE04EC0-301F-11D3-BF4B-00C04F79EFBC}") = "libnginz", "Core\libnginz\libnginz.csproj", "{C985815A-AAB7-45D2-9427-039101F10B76}"
EndProject
Project("{FAE04EC0-301F-11D3-BF4B-00C04F79EFBC}") = "libnginz.Common", "Core\libnginz.Common\libnginz.Common.csproj", "{C6313A63-A0A2-46CC-8B0C-9D60C226F707}"
EndProject
Project("{2150E333-8FDC-42A3-9474-1A3956D46DE8}") = "Games", "Games", "{17686208-D022-468E-8CA5-3FD86D9A866A}"
EndProject
Project("{FAE04EC0-301F-11D3-BF4B-00C04F79EFBC}") = "FlappyMascot", "Games\FlappyMascot\FlappyMascot.csproj", "{993C6942-1AAC-4743-874C-542C3125ACB6}"
EndProject
Project("{FAE04EC0-301F-11D3-BF4B-00C04F79EFBC}") = "othertestgame", "Games\othertestgame\othertestgame.csproj", "{5F376241-3892-46C0-8BBC-2A4D8E106C28}"
EndProject
Project("{FAE04EC0-301F-11D3-BF4B-00C04F79EFBC}") = "TowerDefense", "Games\TowerDefense\TowerDefense.csproj", "{79F7A241-20AD-4486-9BBE-DC7B7C748BCC}"
EndProject
Project("{FAE04EC0-301F-11D3-BF4B-00C04F79EFBC}") = "purepythontestgame", "Games\purepythontestgame\purepythontestgame.csproj", "{1BE1DA8E-A045-4B07-B422-19C24C8B26EA}"
EndProject
Project("{FAE04EC0-301F-11D3-BF4B-00C04F79EFBC}") = "pythontestgame", "Games\pythontestgame\pythontestgame.csproj", "{E2E8B124-2B79-4051-9CEE-CA45B569B3E4}"
EndProject
Project("{FAE04EC0-301F-11D3-BF4B-00C04F79EFBC}") = "testgame2D", "Games\testgame2D\testgame2D.csproj", "{74FDA228-9E72-4144-92BB-72BD452BAEDD}"
EndProject
Project("{FAE04EC0-301F-11D3-BF4B-00C04F79EFBC}") = "iodinetestgame", "Games\iodinetestgame\iodinetestgame.csproj", "{A468996A-B9FF-4F56-BEEA-1EC483E8882F}"
EndProject
Project("{2150E333-8FDC-42A3-9474-1A3956D46DE8}") = "Scripting", "Scripting", "{9F2F3C49-61AF-40C7-8F7D-D2093BCD5586}"
EndProject
Project("{FAE04EC0-301F-11D3-BF4B-00C04F79EFBC}") = "libnginz.Scripting.Iodine", "Scripting\libnginz.Scripting.Iodine\libnginz.Scripting.Iodine.csproj", "{4530496F-1981-4CC1-A0BB-790D0C6ED37F}"
EndProject
Project("{FAE04EC0-301F-11D3-BF4B-00C04F79EFBC}") = "libnginz.Scripting.Python", "Scripting\libnginz.Scripting.Python\libnginz.Scripting.Python.csproj", "{13523E0E-ADEC-4E45-9EB2-80A402934F2A}"
EndProject
Project("{2150E333-8FDC-42A3-9474-1A3956D46DE8}") = "Compatibility", "Compatibility", "{FE32E126-CC3F-4BD0-8DEC-D6AB6E0DB199}"
EndProject
Global
	GlobalSection(SolutionConfigurationPlatforms) = preSolution
		Debug|Any CPU = Debug|Any CPU
		Debug|x86 = Debug|x86
		Release|Any CPU = Release|Any CPU
		Release|x86 = Release|x86
	EndGlobalSection
	GlobalSection(ProjectConfigurationPlatforms) = postSolution
		{13523E0E-ADEC-4E45-9EB2-80A402934F2A}.Debug|Any CPU.ActiveCfg = Debug|Any CPU
		{13523E0E-ADEC-4E45-9EB2-80A402934F2A}.Debug|Any CPU.Build.0 = Debug|Any CPU
		{13523E0E-ADEC-4E45-9EB2-80A402934F2A}.Debug|x86.ActiveCfg = Debug|Any CPU
		{13523E0E-ADEC-4E45-9EB2-80A402934F2A}.Debug|x86.Build.0 = Debug|Any CPU
		{13523E0E-ADEC-4E45-9EB2-80A402934F2A}.Release|Any CPU.ActiveCfg = Release|Any CPU
		{13523E0E-ADEC-4E45-9EB2-80A402934F2A}.Release|Any CPU.Build.0 = Release|Any CPU
		{13523E0E-ADEC-4E45-9EB2-80A402934F2A}.Release|x86.ActiveCfg = Release|Any CPU
		{13523E0E-ADEC-4E45-9EB2-80A402934F2A}.Release|x86.Build.0 = Release|Any CPU
		{1BE1DA8E-A045-4B07-B422-19C24C8B26EA}.Debug|Any CPU.ActiveCfg = Debug|Any CPU
		{1BE1DA8E-A045-4B07-B422-19C24C8B26EA}.Debug|Any CPU.Build.0 = Debug|Any CPU
		{1BE1DA8E-A045-4B07-B422-19C24C8B26EA}.Debug|x86.ActiveCfg = Debug|Any CPU
		{1BE1DA8E-A045-4B07-B422-19C24C8B26EA}.Debug|x86.Build.0 = Debug|Any CPU
		{1BE1DA8E-A045-4B07-B422-19C24C8B26EA}.Release|Any CPU.ActiveCfg = Release|Any CPU
		{1BE1DA8E-A045-4B07-B422-19C24C8B26EA}.Release|Any CPU.Build.0 = Release|Any CPU
		{1BE1DA8E-A045-4B07-B422-19C24C8B26EA}.Release|x86.ActiveCfg = Release|Any CPU
		{1BE1DA8E-A045-4B07-B422-19C24C8B26EA}.Release|x86.Build.0 = Release|Any CPU
		{4530496F-1981-4CC1-A0BB-790D0C6ED37F}.Debug|Any CPU.ActiveCfg = Debug|Any CPU
		{4530496F-1981-4CC1-A0BB-790D0C6ED37F}.Debug|Any CPU.Build.0 = Debug|Any CPU
		{4530496F-1981-4CC1-A0BB-790D0C6ED37F}.Debug|x86.ActiveCfg = Debug|Any CPU
		{4530496F-1981-4CC1-A0BB-790D0C6ED37F}.Debug|x86.Build.0 = Debug|Any CPU
		{4530496F-1981-4CC1-A0BB-790D0C6ED37F}.Release|Any CPU.ActiveCfg = Release|Any CPU
		{4530496F-1981-4CC1-A0BB-790D0C6ED37F}.Release|Any CPU.Build.0 = Release|Any CPU
		{4530496F-1981-4CC1-A0BB-790D0C6ED37F}.Release|x86.ActiveCfg = Release|Any CPU
		{4530496F-1981-4CC1-A0BB-790D0C6ED37F}.Release|x86.Build.0 = Release|Any CPU
		{529EAA69-1806-4C6E-9D20-F5B79A0E515F}.Debug|Any CPU.ActiveCfg = Debug|Any CPU
		{529EAA69-1806-4C6E-9D20-F5B79A0E515F}.Debug|Any CPU.Build.0 = Debug|Any CPU
		{529EAA69-1806-4C6E-9D20-F5B79A0E515F}.Debug|x86.ActiveCfg = Debug|Any CPU
		{529EAA69-1806-4C6E-9D20-F5B79A0E515F}.Debug|x86.Build.0 = Debug|Any CPU
		{529EAA69-1806-4C6E-9D20-F5B79A0E515F}.Release|Any CPU.ActiveCfg = Release|Any CPU
		{529EAA69-1806-4C6E-9D20-F5B79A0E515F}.Release|Any CPU.Build.0 = Release|Any CPU
		{529EAA69-1806-4C6E-9D20-F5B79A0E515F}.Release|x86.ActiveCfg = Release|Any CPU
		{529EAA69-1806-4C6E-9D20-F5B79A0E515F}.Release|x86.Build.0 = Release|Any CPU
		{5F376241-3892-46C0-8BBC-2A4D8E106C28}.Debug|Any CPU.ActiveCfg = Debug|Any CPU
		{5F376241-3892-46C0-8BBC-2A4D8E106C28}.Debug|Any CPU.Build.0 = Debug|Any CPU
		{5F376241-3892-46C0-8BBC-2A4D8E106C28}.Debug|x86.ActiveCfg = Debug|Any CPU
		{5F376241-3892-46C0-8BBC-2A4D8E106C28}.Debug|x86.Build.0 = Debug|Any CPU
		{5F376241-3892-46C0-8BBC-2A4D8E106C28}.Release|Any CPU.ActiveCfg = Release|Any CPU
		{5F376241-3892-46C0-8BBC-2A4D8E106C28}.Release|Any CPU.Build.0 = Release|Any CPU
		{5F376241-3892-46C0-8BBC-2A4D8E106C28}.Release|x86.ActiveCfg = Release|Any CPU
		{5F376241-3892-46C0-8BBC-2A4D8E106C28}.Release|x86.Build.0 = Release|Any CPU
		{74FDA228-9E72-4144-92BB-72BD452BAEDD}.Debug|Any CPU.ActiveCfg = Debug|Any CPU
		{74FDA228-9E72-4144-92BB-72BD452BAEDD}.Debug|Any CPU.Build.0 = Debug|Any CPU
		{74FDA228-9E72-4144-92BB-72BD452BAEDD}.Debug|x86.ActiveCfg = Debug|Any CPU
		{74FDA228-9E72-4144-92BB-72BD452BAEDD}.Debug|x86.Build.0 = Debug|Any CPU
		{74FDA228-9E72-4144-92BB-72BD452BAEDD}.Release|Any CPU.ActiveCfg = Release|Any CPU
		{74FDA228-9E72-4144-92BB-72BD452BAEDD}.Release|Any CPU.Build.0 = Release|Any CPU
		{74FDA228-9E72-4144-92BB-72BD452BAEDD}.Release|x86.ActiveCfg = Release|Any CPU
		{74FDA228-9E72-4144-92BB-72BD452BAEDD}.Release|x86.Build.0 = Release|Any CPU
		{79F7A241-20AD-4486-9BBE-DC7B7C748BCC}.Debug|Any CPU.ActiveCfg = Debug|Any CPU
		{79F7A241-20AD-4486-9BBE-DC7B7C748BCC}.Debug|Any CPU.Build.0 = Debug|Any CPU
		{79F7A241-20AD-4486-9BBE-DC7B7C748BCC}.Debug|x86.ActiveCfg = Debug|Any CPU
		{79F7A241-20AD-4486-9BBE-DC7B7C748BCC}.Debug|x86.Build.0 = Debug|Any CPU
		{79F7A241-20AD-4486-9BBE-DC7B7C748BCC}.Release|Any CPU.ActiveCfg = Release|Any CPU
		{79F7A241-20AD-4486-9BBE-DC7B7C748BCC}.Release|Any CPU.Build.0 = Release|Any CPU
		{79F7A241-20AD-4486-9BBE-DC7B7C748BCC}.Release|x86.ActiveCfg = Release|Any CPU
		{79F7A241-20AD-4486-9BBE-DC7B7C748BCC}.Release|x86.Build.0 = Release|Any CPU
		{7A5BFF77-C783-4D40-AF7F-4C673C20E48B}.Debug|Any CPU.ActiveCfg = Debug|x86
		{7A5BFF77-C783-4D40-AF7F-4C673C20E48B}.Debug|Any CPU.Build.0 = Debug|x86
		{7A5BFF77-C783-4D40-AF7F-4C673C20E48B}.Debug|x86.ActiveCfg = Debug|x86
		{7A5BFF77-C783-4D40-AF7F-4C673C20E48B}.Debug|x86.Build.0 = Debug|x86
		{7A5BFF77-C783-4D40-AF7F-4C673C20E48B}.Release|Any CPU.ActiveCfg = Release|x86
		{7A5BFF77-C783-4D40-AF7F-4C673C20E48B}.Release|Any CPU.Build.0 = Release|x86
		{7A5BFF77-C783-4D40-AF7F-4C673C20E48B}.Release|x86.ActiveCfg = Release|x86
		{7A5BFF77-C783-4D40-AF7F-4C673C20E48B}.Release|x86.Build.0 = Release|x86
		{993C6942-1AAC-4743-874C-542C3125ACB6}.Debug|Any CPU.ActiveCfg = Debug|Any CPU
		{993C6942-1AAC-4743-874C-542C3125ACB6}.Debug|Any CPU.Build.0 = Debug|Any CPU
		{993C6942-1AAC-4743-874C-542C3125ACB6}.Debug|x86.ActiveCfg = Debug|Any CPU
		{993C6942-1AAC-4743-874C-542C3125ACB6}.Debug|x86.Build.0 = Debug|Any CPU
		{993C6942-1AAC-4743-874C-542C3125ACB6}.Release|Any CPU.ActiveCfg = Release|Any CPU
		{993C6942-1AAC-4743-874C-542C3125ACB6}.Release|Any CPU.Build.0 = Release|Any CPU
		{993C6942-1AAC-4743-874C-542C3125ACB6}.Release|x86.ActiveCfg = Release|Any CPU
		{993C6942-1AAC-4743-874C-542C3125ACB6}.Release|x86.Build.0 = Release|Any CPU
		{A468996A-B9FF-4F56-BEEA-1EC483E8882F}.Debug|Any CPU.ActiveCfg = Debug|Any CPU
		{A468996A-B9FF-4F56-BEEA-1EC483E8882F}.Debug|Any CPU.Build.0 = Debug|Any CPU
		{A468996A-B9FF-4F56-BEEA-1EC483E8882F}.Debug|x86.ActiveCfg = Debug|Any CPU
		{A468996A-B9FF-4F56-BEEA-1EC483E8882F}.Debug|x86.Build.0 = Debug|Any CPU
		{A468996A-B9FF-4F56-BEEA-1EC483E8882F}.Release|Any CPU.ActiveCfg = Release|Any CPU
		{A468996A-B9FF-4F56-BEEA-1EC483E8882F}.Release|Any CPU.Build.0 = Release|Any CPU
		{A468996A-B9FF-4F56-BEEA-1EC483E8882F}.Release|x86.ActiveCfg = Release|Any CPU
		{A468996A-B9FF-4F56-BEEA-1EC483E8882F}.Release|x86.Build.0 = Release|Any CPU
		{C6313A63-A0A2-46CC-8B0C-9D60C226F707}.Debug|Any CPU.ActiveCfg = Debug|Any CPU
		{C6313A63-A0A2-46CC-8B0C-9D60C226F707}.Debug|Any CPU.Build.0 = Debug|Any CPU
		{C6313A63-A0A2-46CC-8B0C-9D60C226F707}.Debug|x86.ActiveCfg = Debug|Any CPU
		{C6313A63-A0A2-46CC-8B0C-9D60C226F707}.Debug|x86.Build.0 = Debug|Any CPU
		{C6313A63-A0A2-46CC-8B0C-9D60C226F707}.Release|Any CPU.ActiveCfg = Release|Any CPU
		{C6313A63-A0A2-46CC-8B0C-9D60C226F707}.Release|Any CPU.Build.0 = Release|Any CPU
		{C6313A63-A0A2-46CC-8B0C-9D60C226F707}.Release|x86.ActiveCfg = Release|Any CPU
		{C6313A63-A0A2-46CC-8B0C-9D60C226F707}.Release|x86.Build.0 = Release|Any CPU
		{C985815A-AAB7-45D2-9427-039101F10B76}.Debug|Any CPU.ActiveCfg = Debug|Any CPU
		{C985815A-AAB7-45D2-9427-039101F10B76}.Debug|Any CPU.Build.0 = Debug|Any CPU
		{C985815A-AAB7-45D2-9427-039101F10B76}.Debug|x86.ActiveCfg = Debug|Any CPU
		{C985815A-AAB7-45D2-9427-039101F10B76}.Debug|x86.Build.0 = Debug|Any CPU
		{C985815A-AAB7-45D2-9427-039101F10B76}.Release|Any CPU.ActiveCfg = Release|Any CPU
		{C985815A-AAB7-45D2-9427-039101F10B76}.Release|Any CPU.Build.0 = Release|Any CPU
		{C985815A-AAB7-45D2-9427-039101F10B76}.Release|x86.ActiveCfg = Release|Any CPU
		{C985815A-AAB7-45D2-9427-039101F10B76}.Release|x86.Build.0 = Release|Any CPU
		{DCF47DF3-DFBE-4B6A-BCD8-85515C14EFD9}.Debug|Any CPU.ActiveCfg = Debug|Any CPU
		{DCF47DF3-DFBE-4B6A-BCD8-85515C14EFD9}.Debug|Any CPU.Build.0 = Debug|Any CPU
		{DCF47DF3-DFBE-4B6A-BCD8-85515C14EFD9}.Debug|x86.ActiveCfg = Debug|Any CPU
		{DCF47DF3-DFBE-4B6A-BCD8-85515C14EFD9}.Debug|x86.Build.0 = Debug|Any CPU
		{DCF47DF3-DFBE-4B6A-BCD8-85515C14EFD9}.Release|Any CPU.ActiveCfg = Release|Any CPU
		{DCF47DF3-DFBE-4B6A-BCD8-85515C14EFD9}.Release|Any CPU.Build.0 = Release|Any CPU
		{DCF47DF3-DFBE-4B6A-BCD8-85515C14EFD9}.Release|x86.ActiveCfg = Release|Any CPU
		{DCF47DF3-DFBE-4B6A-BCD8-85515C14EFD9}.Release|x86.Build.0 = Release|Any CPU
		{E2E8B124-2B79-4051-9CEE-CA45B569B3E4}.Debug|Any CPU.ActiveCfg = Debug|Any CPU
		{E2E8B124-2B79-4051-9CEE-CA45B569B3E4}.Debug|Any CPU.Build.0 = Debug|Any CPU
		{E2E8B124-2B79-4051-9CEE-CA45B569B3E4}.Debug|x86.ActiveCfg = Debug|Any CPU
		{E2E8B124-2B79-4051-9CEE-CA45B569B3E4}.Debug|x86.Build.0 = Debug|Any CPU
		{E2E8B124-2B79-4051-9CEE-CA45B569B3E4}.Release|Any CPU.ActiveCfg = Release|Any CPU
		{E2E8B124-2B79-4051-9CEE-CA45B569B3E4}.Release|Any CPU.Build.0 = Release|Any CPU
		{E2E8B124-2B79-4051-9CEE-CA45B569B3E4}.Release|x86.ActiveCfg = Release|Any CPU
		{E2E8B124-2B79-4051-9CEE-CA45B569B3E4}.Release|x86.Build.0 = Release|Any CPU
	EndGlobalSection
	GlobalSection(NestedProjects) = preSolution
		{DCF47DF3-DFBE-4B6A-BCD8-85515C14EFD9} = {75CB3C70-0C8B-47AC-B0F5-03B981EB221C}
		{529EAA69-1806-4C6E-9D20-F5B79A0E515F} = {75CB3C70-0C8B-47AC-B0F5-03B981EB221C}
		{7A5BFF77-C783-4D40-AF7F-4C673C20E48B} = {83BEDE17-FE19-42DD-A5F9-8A399D87F1D0}
		{C985815A-AAB7-45D2-9427-039101F10B76} = {D07C9B61-8930-42E5-A91A-8920C15E545F}
		{C6313A63-A0A2-46CC-8B0C-9D60C226F707} = {D07C9B61-8930-42E5-A91A-8920C15E545F}
		{993C6942-1AAC-4743-874C-542C3125ACB6} = {17686208-D022-468E-8CA5-3FD86D9A866A}
		{5F376241-3892-46C0-8BBC-2A4D8E106C28} = {17686208-D022-468E-8CA5-3FD86D9A866A}
		{79F7A241-20AD-4486-9BBE-DC7B7C748BCC} = {17686208-D022-468E-8CA5-3FD86D9A866A}
		{1BE1DA8E-A045-4B07-B422-19C24C8B26EA} = {17686208-D022-468E-8CA5-3FD86D9A866A}
		{E2E8B124-2B79-4051-9CEE-CA45B569B3E4} = {17686208-D022-468E-8CA5-3FD86D9A866A}
		{74FDA228-9E72-4144-92BB-72BD452BAEDD} = {17686208-D022-468E-8CA5-3FD86D9A866A}
		{A468996A-B9FF-4F56-BEEA-1EC483E8882F} = {17686208-D022-468E-8CA5-3FD86D9A866A}
		{4530496F-1981-4CC1-A0BB-790D0C6ED37F} = {9F2F3C49-61AF-40C7-8F7D-D2093BCD5586}
		{13523E0E-ADEC-4E45-9EB2-80A402934F2A} = {9F2F3C49-61AF-40C7-8F7D-D2093BCD5586}
	EndGlobalSection
	GlobalSection(MonoDevelopProperties) = preSolution
		Policies = $0
		$0.VersionControlPolicy = $1
		$1.inheritsSet = Mono
		$0.ChangeLogPolicy = $2
		$2.UpdateMode = None
		$2.inheritsSet = Mono
		$0.TextStylePolicy = $3
		$3.TabsToSpaces = False
		$3.EolMarker = Unix
		$3.inheritsSet = VisualStudio
		$3.inheritsScope = text/plain
		$3.scope = text/x-csharp
		$0.CSharpFormattingPolicy = $4
		$4.EnumBraceStyle = EndOfLine
		$4.MethodBraceStyle = EndOfLine
		$4.ConstructorBraceStyle = EndOfLine
		$4.DestructorBraceStyle = EndOfLine
		$4.EmbeddedStatementPlacement = DoNotCare
		$4.SpacesAfterTypecast = True
		$4.inheritsSet = Mono
		$4.inheritsScope = text/x-csharp
		$4.scope = text/x-csharp
		$0.DotNetNamingPolicy = $5
		$5.DirectoryNamespaceAssociation = None
		$5.ResourceNamePolicy = FileFormatDefault
	EndGlobalSection
	GlobalSection(Performance) = preSolution
		HasPerformanceSessions = true
	EndGlobalSection
	GlobalSection(SolutionProperties) = preSolution
		HideSolutionNode = FALSE
	EndGlobalSection
EndGlobal
